
Microsoft Visual Studio Solution File, Format Version 12.00
# Visual Studio 15
VisualStudioVersion = 15.0.28307.329
MinimumVisualStudioVersion = 10.0.40219.1
Project("{FAE04EC0-301F-11D3-BF4B-00C04F79EFBC}") = "PasswordManager.WinForm", "PasswordManager.WinForm\PasswordManager.WinForm.csproj", "{443DDCAD-AD3A-42BC-80F7-6C2C28B85C30}"
EndProject
Project("{FAE04EC0-301F-11D3-BF4B-00C04F79EFBC}") = "PasswordManager.Bus", "PasswordManager.Bus\PasswordManager.Bus.csproj", "{9386F7DE-AD83-49BB-AE88-4F9B0803D9C7}"
EndProject
Project("{FAE04EC0-301F-11D3-BF4B-00C04F79EFBC}") = "PasswordManager.Data", "PasswordManager.Data\PasswordManager.Data.csproj", "{B109B5BB-98BB-42A0-A4DE-E42012F350E9}"
EndProject
Global
	GlobalSection(SolutionConfigurationPlatforms) = preSolution
		Debug|Any CPU = Debug|Any CPU
		Release|Any CPU = Release|Any CPU
	EndGlobalSection
	GlobalSection(ProjectConfigurationPlatforms) = postSolution
		{443DDCAD-AD3A-42BC-80F7-6C2C28B85C30}.Debug|Any CPU.ActiveCfg = Debug|Any CPU
		{443DDCAD-AD3A-42BC-80F7-6C2C28B85C30}.Debug|Any CPU.Build.0 = Debug|Any CPU
		{443DDCAD-AD3A-42BC-80F7-6C2C28B85C30}.Release|Any CPU.ActiveCfg = Release|Any CPU
		{443DDCAD-AD3A-42BC-80F7-6C2C28B85C30}.Release|Any CPU.Build.0 = Release|Any CPU
		{9386F7DE-AD83-49BB-AE88-4F9B0803D9C7}.Debug|Any CPU.ActiveCfg = Debug|Any CPU
		{9386F7DE-AD83-49BB-AE88-4F9B0803D9C7}.Debug|Any CPU.Build.0 = Debug|Any CPU
		{9386F7DE-AD83-49BB-AE88-4F9B0803D9C7}.Release|Any CPU.ActiveCfg = Release|Any CPU
		{9386F7DE-AD83-49BB-AE88-4F9B0803D9C7}.Release|Any CPU.Build.0 = Release|Any CPU
		{B109B5BB-98BB-42A0-A4DE-E42012F350E9}.Debug|Any CPU.ActiveCfg = Debug|Any CPU
		{B109B5BB-98BB-42A0-A4DE-E42012F350E9}.Debug|Any CPU.Build.0 = Debug|Any CPU
		{B109B5BB-98BB-42A0-A4DE-E42012F350E9}.Release|Any CPU.ActiveCfg = Release|Any CPU
		{B109B5BB-98BB-42A0-A4DE-E42012F350E9}.Release|Any CPU.Build.0 = Release|Any CPU
	EndGlobalSection
	GlobalSection(SolutionProperties) = preSolution
		HideSolutionNode = FALSE
	EndGlobalSection
	GlobalSection(ExtensibilityGlobals) = postSolution
		SolutionGuid = {3C8BF743-B5C4-42C0-87D4-217DD55391A1}
	EndGlobalSection
EndGlobal
